{
  "ECDAT_Architecture_Lock.md": "e959bdca5dc7f5394bdcc1b8621215d09896c830960d17d700d32a8f55ee5fb6",
  "ECDAT_Architecture_Stress-Test_Directives.md": "902b9a2fbf86075d4f523aa60a262be0ad158e235a7b7eacb49c1219966c3b4c",
  "ECDAT_Final_Architecture.md": "57c8a05d9b0df60f56bd329f55ff439821c24e1391aed4052cf23c00cd80eff7"
}
